
Microsoft Visual Studio Solution File, Format Version 12.00
Project("{FAE04EC0-301F-11D3-BF4B-00C04F79EFBC}") = "replog-api", "replog-api\replog-api.csproj", "{F3BD0613-2B96-43C8-BE1D-AB2D16220518}"
EndProject
Project("{FAE04EC0-301F-11D3-BF4B-00C04F79EFBC}") = "replog-shared", "replog-shared\replog-shared.csproj", "{A99E69D9-7C5C-49CF-8470-B6BDBC77F2B4}"
EndProject
Project("{FAE04EC0-301F-11D3-BF4B-00C04F79EFBC}") = "replog-application", "replog-application\replog-application.csproj", "{0F187CF1-7F42-4A9B-9F68-B5ECD60475BA}"
EndProject
Project("{FAE04EC0-301F-11D3-BF4B-00C04F79EFBC}") = "replog-infrastructure", "replog-infrastructure\replog-infrastructure.csproj", "{FCA8212A-01B7-47E4-954C-6AD09BD2CE0D}"
EndProject
Project("{FAE04EC0-301F-11D3-BF4B-00C04F79EFBC}") = "replog-infrastructure.tests", "replog-infrastructure.tests\replog-infrastructure.tests.csproj", "{353BC65F-8EF2-4353-802C-572365DDE88F}"
EndProject
Project("{FAE04EC0-301F-11D3-BF4B-00C04F79EFBC}") = "replog-tests-shared", "replog-tests-shared\replog-tests-shared.csproj", "{59B31D22-B59B-4806-82F7-CD6E45EA886D}"
EndProject
Project("{FAE04EC0-301F-11D3-BF4B-00C04F79EFBC}") = "replog-application.tests", "replog-application.tests\replog-application.tests.csproj", "{CD7BB9B8-9192-4414-9413-3F9047EBBEDC}"
EndProject
Project("{2150E333-8FDC-42A3-9474-1A3956D46DE8}") = "tests", "tests", "{D2D31961-9576-4768-970C-6D69B5151F55}"
EndProject
Project("{FAE04EC0-301F-11D3-BF4B-00C04F79EFBC}") = "replog-domain", "replog-domain\replog-domain.csproj", "{65013B79-8310-4FC9-87ED-2F97352F7BE7}"
EndProject
Global
	GlobalSection(SolutionConfigurationPlatforms) = preSolution
		Debug|Any CPU = Debug|Any CPU
		Debug|x64 = Debug|x64
		Debug|x86 = Debug|x86
		Release|Any CPU = Release|Any CPU
		Release|x64 = Release|x64
		Release|x86 = Release|x86
	EndGlobalSection
	GlobalSection(ProjectConfigurationPlatforms) = postSolution
		{F3BD0613-2B96-43C8-BE1D-AB2D16220518}.Debug|Any CPU.ActiveCfg = Debug|Any CPU
		{F3BD0613-2B96-43C8-BE1D-AB2D16220518}.Debug|Any CPU.Build.0 = Debug|Any CPU
		{F3BD0613-2B96-43C8-BE1D-AB2D16220518}.Debug|x64.ActiveCfg = Debug|Any CPU
		{F3BD0613-2B96-43C8-BE1D-AB2D16220518}.Debug|x64.Build.0 = Debug|Any CPU
		{F3BD0613-2B96-43C8-BE1D-AB2D16220518}.Debug|x86.ActiveCfg = Debug|Any CPU
		{F3BD0613-2B96-43C8-BE1D-AB2D16220518}.Debug|x86.Build.0 = Debug|Any CPU
		{F3BD0613-2B96-43C8-BE1D-AB2D16220518}.Release|Any CPU.ActiveCfg = Release|Any CPU
		{F3BD0613-2B96-43C8-BE1D-AB2D16220518}.Release|Any CPU.Build.0 = Release|Any CPU
		{F3BD0613-2B96-43C8-BE1D-AB2D16220518}.Release|x64.ActiveCfg = Release|Any CPU
		{F3BD0613-2B96-43C8-BE1D-AB2D16220518}.Release|x64.Build.0 = Release|Any CPU
		{F3BD0613-2B96-43C8-BE1D-AB2D16220518}.Release|x86.ActiveCfg = Release|Any CPU
		{F3BD0613-2B96-43C8-BE1D-AB2D16220518}.Release|x86.Build.0 = Release|Any CPU
		{A99E69D9-7C5C-49CF-8470-B6BDBC77F2B4}.Debug|Any CPU.ActiveCfg = Debug|Any CPU
		{A99E69D9-7C5C-49CF-8470-B6BDBC77F2B4}.Debug|Any CPU.Build.0 = Debug|Any CPU
		{A99E69D9-7C5C-49CF-8470-B6BDBC77F2B4}.Debug|x64.ActiveCfg = Debug|Any CPU
		{A99E69D9-7C5C-49CF-8470-B6BDBC77F2B4}.Debug|x64.Build.0 = Debug|Any CPU
		{A99E69D9-7C5C-49CF-8470-B6BDBC77F2B4}.Debug|x86.ActiveCfg = Debug|Any CPU
		{A99E69D9-7C5C-49CF-8470-B6BDBC77F2B4}.Debug|x86.Build.0 = Debug|Any CPU
		{A99E69D9-7C5C-49CF-8470-B6BDBC77F2B4}.Release|Any CPU.ActiveCfg = Release|Any CPU
		{A99E69D9-7C5C-49CF-8470-B6BDBC77F2B4}.Release|Any CPU.Build.0 = Release|Any CPU
		{A99E69D9-7C5C-49CF-8470-B6BDBC77F2B4}.Release|x64.ActiveCfg = Release|Any CPU
		{A99E69D9-7C5C-49CF-8470-B6BDBC77F2B4}.Release|x64.Build.0 = Release|Any CPU
		{A99E69D9-7C5C-49CF-8470-B6BDBC77F2B4}.Release|x86.ActiveCfg = Release|Any CPU
		{A99E69D9-7C5C-49CF-8470-B6BDBC77F2B4}.Release|x86.Build.0 = Release|Any CPU
		{0F187CF1-7F42-4A9B-9F68-B5ECD60475BA}.Debug|Any CPU.ActiveCfg = Debug|Any CPU
		{0F187CF1-7F42-4A9B-9F68-B5ECD60475BA}.Debug|Any CPU.Build.0 = Debug|Any CPU
		{0F187CF1-7F42-4A9B-9F68-B5ECD60475BA}.Debug|x64.ActiveCfg = Debug|Any CPU
		{0F187CF1-7F42-4A9B-9F68-B5ECD60475BA}.Debug|x64.Build.0 = Debug|Any CPU
		{0F187CF1-7F42-4A9B-9F68-B5ECD60475BA}.Debug|x86.ActiveCfg = Debug|Any CPU
		{0F187CF1-7F42-4A9B-9F68-B5ECD60475BA}.Debug|x86.Build.0 = Debug|Any CPU
		{0F187CF1-7F42-4A9B-9F68-B5ECD60475BA}.Release|Any CPU.ActiveCfg = Release|Any CPU
		{0F187CF1-7F42-4A9B-9F68-B5ECD60475BA}.Release|Any CPU.Build.0 = Release|Any CPU
		{0F187CF1-7F42-4A9B-9F68-B5ECD60475BA}.Release|x64.ActiveCfg = Release|Any CPU
		{0F187CF1-7F42-4A9B-9F68-B5ECD60475BA}.Release|x64.Build.0 = Release|Any CPU
		{0F187CF1-7F42-4A9B-9F68-B5ECD60475BA}.Release|x86.ActiveCfg = Release|Any CPU
		{0F187CF1-7F42-4A9B-9F68-B5ECD60475BA}.Release|x86.Build.0 = Release|Any CPU
		{FCA8212A-01B7-47E4-954C-6AD09BD2CE0D}.Debug|Any CPU.ActiveCfg = Debug|Any CPU
		{FCA8212A-01B7-47E4-954C-6AD09BD2CE0D}.Debug|Any CPU.Build.0 = Debug|Any CPU
		{FCA8212A-01B7-47E4-954C-6AD09BD2CE0D}.Debug|x64.ActiveCfg = Debug|Any CPU
		{FCA8212A-01B7-47E4-954C-6AD09BD2CE0D}.Debug|x64.Build.0 = Debug|Any CPU
		{FCA8212A-01B7-47E4-954C-6AD09BD2CE0D}.Debug|x86.ActiveCfg = Debug|Any CPU
		{FCA8212A-01B7-47E4-954C-6AD09BD2CE0D}.Debug|x86.Build.0 = Debug|Any CPU
		{FCA8212A-01B7-47E4-954C-6AD09BD2CE0D}.Release|Any CPU.ActiveCfg = Release|Any CPU
		{FCA8212A-01B7-47E4-954C-6AD09BD2CE0D}.Release|Any CPU.Build.0 = Release|Any CPU
		{FCA8212A-01B7-47E4-954C-6AD09BD2CE0D}.Release|x64.ActiveCfg = Release|Any CPU
		{FCA8212A-01B7-47E4-954C-6AD09BD2CE0D}.Release|x64.Build.0 = Release|Any CPU
		{FCA8212A-01B7-47E4-954C-6AD09BD2CE0D}.Release|x86.ActiveCfg = Release|Any CPU
		{FCA8212A-01B7-47E4-954C-6AD09BD2CE0D}.Release|x86.Build.0 = Release|Any CPU
		{353BC65F-8EF2-4353-802C-572365DDE88F}.Debug|Any CPU.ActiveCfg = Debug|Any CPU
		{353BC65F-8EF2-4353-802C-572365DDE88F}.Debug|Any CPU.Build.0 = Debug|Any CPU
		{353BC65F-8EF2-4353-802C-572365DDE88F}.Debug|x64.ActiveCfg = Debug|Any CPU
		{353BC65F-8EF2-4353-802C-572365DDE88F}.Debug|x64.Build.0 = Debug|Any CPU
		{353BC65F-8EF2-4353-802C-572365DDE88F}.Debug|x86.ActiveCfg = Debug|Any CPU
		{353BC65F-8EF2-4353-802C-572365DDE88F}.Debug|x86.Build.0 = Debug|Any CPU
		{353BC65F-8EF2-4353-802C-572365DDE88F}.Release|Any CPU.ActiveCfg = Release|Any CPU
		{353BC65F-8EF2-4353-802C-572365DDE88F}.Release|Any CPU.Build.0 = Release|Any CPU
		{353BC65F-8EF2-4353-802C-572365DDE88F}.Release|x64.ActiveCfg = Release|Any CPU
		{353BC65F-8EF2-4353-802C-572365DDE88F}.Release|x64.Build.0 = Release|Any CPU
		{353BC65F-8EF2-4353-802C-572365DDE88F}.Release|x86.ActiveCfg = Release|Any CPU
		{353BC65F-8EF2-4353-802C-572365DDE88F}.Release|x86.Build.0 = Release|Any CPU
		{59B31D22-B59B-4806-82F7-CD6E45EA886D}.Debug|Any CPU.ActiveCfg = Debug|Any CPU
		{59B31D22-B59B-4806-82F7-CD6E45EA886D}.Debug|Any CPU.Build.0 = Debug|Any CPU
		{59B31D22-B59B-4806-82F7-CD6E45EA886D}.Debug|x64.ActiveCfg = Debug|Any CPU
		{59B31D22-B59B-4806-82F7-CD6E45EA886D}.Debug|x64.Build.0 = Debug|Any CPU
		{59B31D22-B59B-4806-82F7-CD6E45EA886D}.Debug|x86.ActiveCfg = Debug|Any CPU
		{59B31D22-B59B-4806-82F7-CD6E45EA886D}.Debug|x86.Build.0 = Debug|Any CPU
		{59B31D22-B59B-4806-82F7-CD6E45EA886D}.Release|Any CPU.ActiveCfg = Release|Any CPU
		{59B31D22-B59B-4806-82F7-CD6E45EA886D}.Release|Any CPU.Build.0 = Release|Any CPU
		{59B31D22-B59B-4806-82F7-CD6E45EA886D}.Release|x64.ActiveCfg = Release|Any CPU
		{59B31D22-B59B-4806-82F7-CD6E45EA886D}.Release|x64.Build.0 = Release|Any CPU
		{59B31D22-B59B-4806-82F7-CD6E45EA886D}.Release|x86.ActiveCfg = Release|Any CPU
		{59B31D22-B59B-4806-82F7-CD6E45EA886D}.Release|x86.Build.0 = Release|Any CPU
		{CD7BB9B8-9192-4414-9413-3F9047EBBEDC}.Debug|Any CPU.ActiveCfg = Debug|Any CPU
		{CD7BB9B8-9192-4414-9413-3F9047EBBEDC}.Debug|Any CPU.Build.0 = Debug|Any CPU
		{CD7BB9B8-9192-4414-9413-3F9047EBBEDC}.Debug|x64.ActiveCfg = Debug|Any CPU
		{CD7BB9B8-9192-4414-9413-3F9047EBBEDC}.Debug|x64.Build.0 = Debug|Any CPU
		{CD7BB9B8-9192-4414-9413-3F9047EBBEDC}.Debug|x86.ActiveCfg = Debug|Any CPU
		{CD7BB9B8-9192-4414-9413-3F9047EBBEDC}.Debug|x86.Build.0 = Debug|Any CPU
		{CD7BB9B8-9192-4414-9413-3F9047EBBEDC}.Release|Any CPU.ActiveCfg = Release|Any CPU
		{CD7BB9B8-9192-4414-9413-3F9047EBBEDC}.Release|Any CPU.Build.0 = Release|Any CPU
		{CD7BB9B8-9192-4414-9413-3F9047EBBEDC}.Release|x64.ActiveCfg = Release|Any CPU
		{CD7BB9B8-9192-4414-9413-3F9047EBBEDC}.Release|x64.Build.0 = Release|Any CPU
		{CD7BB9B8-9192-4414-9413-3F9047EBBEDC}.Release|x86.ActiveCfg = Release|Any CPU
		{CD7BB9B8-9192-4414-9413-3F9047EBBEDC}.Release|x86.Build.0 = Release|Any CPU
		{65013B79-8310-4FC9-87ED-2F97352F7BE7}.Debug|Any CPU.ActiveCfg = Debug|Any CPU
		{65013B79-8310-4FC9-87ED-2F97352F7BE7}.Debug|Any CPU.Build.0 = Debug|Any CPU
		{65013B79-8310-4FC9-87ED-2F97352F7BE7}.Debug|x64.ActiveCfg = Debug|Any CPU
		{65013B79-8310-4FC9-87ED-2F97352F7BE7}.Debug|x64.Build.0 = Debug|Any CPU
		{65013B79-8310-4FC9-87ED-2F97352F7BE7}.Debug|x86.ActiveCfg = Debug|Any CPU
		{65013B79-8310-4FC9-87ED-2F97352F7BE7}.Debug|x86.Build.0 = Debug|Any CPU
		{65013B79-8310-4FC9-87ED-2F97352F7BE7}.Release|Any CPU.ActiveCfg = Release|Any CPU
		{65013B79-8310-4FC9-87ED-2F97352F7BE7}.Release|Any CPU.Build.0 = Release|Any CPU
		{65013B79-8310-4FC9-87ED-2F97352F7BE7}.Release|x64.ActiveCfg = Release|Any CPU
		{65013B79-8310-4FC9-87ED-2F97352F7BE7}.Release|x64.Build.0 = Release|Any CPU
		{65013B79-8310-4FC9-87ED-2F97352F7BE7}.Release|x86.ActiveCfg = Release|Any CPU
		{65013B79-8310-4FC9-87ED-2F97352F7BE7}.Release|x86.Build.0 = Release|Any CPU
	EndGlobalSection
	GlobalSection(SolutionProperties) = preSolution
		HideSolutionNode = FALSE
	EndGlobalSection
	GlobalSection(NestedProjects) = preSolution
		{353BC65F-8EF2-4353-802C-572365DDE88F} = {D2D31961-9576-4768-970C-6D69B5151F55}
		{59B31D22-B59B-4806-82F7-CD6E45EA886D} = {D2D31961-9576-4768-970C-6D69B5151F55}
		{CD7BB9B8-9192-4414-9413-3F9047EBBEDC} = {D2D31961-9576-4768-970C-6D69B5151F55}
	EndGlobalSection
EndGlobal
